Microsoft Visual Studio Solution File, Format Version 8.00
Project("{FAE04EC0-301F-11D3-BF4B-00C04F79EFBC}") = "SearchO", "SearchO.csproj", "{C71D38DA-92DA-4E8A-A85B-93CC91E3C529}"
	ProjectSection(ProjectDependencies) = postProject
	EndProjectSection
EndProject
Global
	GlobalSection(SolutionConfiguration) = preSolution
		Debug = Debug
		Release = Release
	EndGlobalSection
	GlobalSection(ProjectConfiguration) = postSolution
		{C71D38DA-92DA-4E8A-A85B-93CC91E3C529}.Debug.ActiveCfg = Debug|.NET
		{C71D38DA-92DA-4E8A-A85B-93CC91E3C529}.Debug.Build.0 = Debug|.NET
		{C71D38DA-92DA-4E8A-A85B-93CC91E3C529}.Release.ActiveCfg = Release|.NET
		{C71D38DA-92DA-4E8A-A85B-93CC91E3C529}.Release.Build.0 = Release|.NET
	EndGlobalSection
	GlobalSection(ExtensibilityGlobals) = postSolution
	EndGlobalSection
	GlobalSection(ExtensibilityAddIns) = postSolution
	EndGlobalSection
EndGlobal
